lockfileVersion: '9.0'

settings:
  autoInstallPeers: true
  excludeLinksFromLockfile: false

importers:

  .:
    devDependencies:
      husky:
        specifier: ^9.1.7
        version: 9.1.7
      lint-staged:
        specifier: ^16.2.7
        version: 16.2.7
      prettier:
        specifier: ^3.8.1
        version: 3.8.1
      sass-embedded:
        specifier: ^1.97.3
        version: 1.97.3

packages:

  '@bufbuild/protobuf@2.11.0':
    resolution: {integrity: sha512-sBXGT13cpmPR5BMgHE6UEEfEaShh5Ror6rfN3yEK5si7QVrtZg8LEPQb0VVhiLRUslD2yLnXtnRzG035J/mZXQ==}

  '@parcel/watcher-android-arm64@2.5.6':
    resolution: {integrity: sha512-YQxSS34tPF/6ZG7r/Ih9xy+kP/WwediEUsqmtf0cuCV5TPPKw/PQHRhueUo6JdeFJaqV3pyjm0GdYjZotbRt/A==}
    engines: {node: '>= 10.0.0'}
    cpu: [arm64]
    os: [android]

  '@parcel/watcher-darwin-arm64@2.5.6':
    resolution: {integrity: sha512-Z2ZdrnwyXvvvdtRHLmM4knydIdU9adO3D4n/0cVipF3rRiwP+3/sfzpAwA/qKFL6i1ModaabkU7IbpeMBgiVEA==}
    engines: {node: '>= 10.0.0'}
    cpu: [arm64]
    os: [darwin]

  '@parcel/watcher-darwin-x64@2.5.6':
    resolution: {integrity: sha512-HgvOf3W9dhithcwOWX9uDZyn1lW9R+7tPZ4sug+NGrGIo4Rk1hAXLEbcH1TQSqxts0NYXXlOWqVpvS1SFS4fRg==}
    engines: {node: '>= 10.0.0'}
    cpu: [x64]
    os: [darwin]

  '@parcel/watcher-freebsd-x64@2.5.6':
    resolution: {integrity: sha512-vJVi8yd/qzJxEKHkeemh7w3YAn6RJCtYlE4HPMoVnCpIXEzSrxErBW5SJBgKLbXU3WdIpkjBTeUNtyBVn8TRng==}
    engines: {node: '>= 10.0.0'}
    cpu: [x64]
    os: [freebsd]

  '@parcel/watcher-linux-arm-glibc@2.5.6':
    resolution: {integrity: sha512-9JiYfB6h6BgV50CCfasfLf/uvOcJskMSwcdH1PHH9rvS1IrNy8zad6IUVPVUfmXr+u+Km9IxcfMLzgdOudz9EQ==}
    engines: {node: '>= 10.0.0'}
    cpu: [arm]
    os: [linux]

  '@parcel/watcher-linux-arm-musl@2.5.6':
    resolution: {integrity: sha512-Ve3gUCG57nuUUSyjBq/MAM0CzArtuIOxsBdQ+ftz6ho8n7s1i9E1Nmk/xmP323r2YL0SONs1EuwqBp2u1k5fxg==}
    engines: {node: '>= 10.0.0'}
    cpu: [arm]
    os: [linux]

  '@parcel/watcher-linux-arm64-glibc@2.5.6':
    resolution: {integrity: sha512-f2g/DT3NhGPdBmMWYoxixqYr3v/UXcmLOYy16Bx0TM20Tchduwr4EaCbmxh1321TABqPGDpS8D/ggOTaljijOA==}
    engines: {node: '>= 10.0.0'}
    cpu: [arm64]
    os: [linux]

  '@parcel/watcher-linux-arm64-musl@2.5.6':
    resolution: {integrity: sha512-qb6naMDGlbCwdhLj6hgoVKJl2odL34z2sqkC7Z6kzir8b5W65WYDpLB6R06KabvZdgoHI/zxke4b3zR0wAbDTA==}
    engines: {node: '>= 10.0.0'}
    cpu: [arm64]
    os: [linux]

  '@parcel/watcher-linux-x64-glibc@2.5.6':
    resolution: {integrity: sha512-kbT5wvNQlx7NaGjzPFu8nVIW1rWqV780O7ZtkjuWaPUgpv2NMFpjYERVi0UYj1msZNyCzGlaCWEtzc+exjMGbQ==}
    engines: {node: '>= 10.0.0'}
    cpu: [x64]
    os: [linux]

  '@parcel/watcher-linux-x64-musl@2.5.6':
    resolution: {integrity: sha512-1JRFeC+h7RdXwldHzTsmdtYR/Ku8SylLgTU/reMuqdVD7CtLwf0VR1FqeprZ0eHQkO0vqsbvFLXUmYm/uNKJBg==}
    engines: {node: '>= 10.0.0'}
    cpu: [x64]
    os: [linux]

  '@parcel/watcher-win32-arm64@2.5.6':
    resolution: {integrity: sha512-3ukyebjc6eGlw9yRt678DxVF7rjXatWiHvTXqphZLvo7aC5NdEgFufVwjFfY51ijYEWpXbqF5jtrK275z52D4Q==}
    engines: {node: '>= 10.0.0'}
    cpu: [arm64]
    os: [win32]

  '@parcel/watcher-win32-ia32@2.5.6':
    resolution: {integrity: sha512-k35yLp1ZMwwee3Ez/pxBi5cf4AoBKYXj00CZ80jUz5h8prpiaQsiRPKQMxoLstNuqe2vR4RNPEAEcjEFzhEz/g==}
    engines: {node: '>= 10.0.0'}
    cpu: [ia32]
    os: [win32]

  '@parcel/watcher-win32-x64@2.5.6':
    resolution: {integrity: sha512-hbQlYcCq5dlAX9Qx+kFb0FHue6vbjlf0FrNzSKdYK2APUf7tGfGxQCk2ihEREmbR6ZMc0MVAD5RIX/41gpUzTw==}
    engines: {node: '>= 10.0.0'}
    cpu: [x64]
    os: [win32]

  '@parcel/watcher@2.5.6':
    resolution: {integrity: sha512-tmmZ3lQxAe/k/+rNnXQRawJ4NjxO2hqiOLTHvWchtGZULp4RyFeh6aU4XdOYBFe2KE1oShQTv4AblOs2iOrNnQ==}
    engines: {node: '>= 10.0.0'}

  ansi-escapes@7.2.0:
    resolution: {integrity: sha512-g6LhBsl+GBPRWGWsBtutpzBYuIIdBkLEvad5C/va/74Db018+5TZiyA26cZJAr3Rft5lprVqOIPxf5Vid6tqAw==}
    engines: {node: '>=18'}

  ansi-regex@6.2.2:
    resolution: {integrity: sha512-Bq3SmSpyFHaWjPk8If9yc6svM8c56dB5BAtW4Qbw5jHTwwXXcTLoRMkpDJp6VL0XzlWaCHTXrkFURMYmD0sLqg==}
    engines: {node: '>=12'}

  ansi-styles@6.2.3:
    resolution: {integrity: sha512-4Dj6M28JB+oAH8kFkTLUo+a2jwOFkuqb3yucU0CANcRRUbxS0cP0nZYCGjcc3BNXwRIsUVmDGgzawme7zvJHvg==}
    engines: {node: '>=12'}

  braces@3.0.3:
    resolution: {integrity: sha512-yQbXgO/OSZVD2IsiLlro+7Hf6Q18EJrKSEsdoMzKePKXct3gvD8oLcOQdIzGupr5Fj+EDe8gO/lxc1BzfMpxvA==}
    engines: {node: '>=8'}

  chokidar@4.0.3:
    resolution: {integrity: sha512-Qgzu8kfBvo+cA4962jnP1KkS6Dop5NS6g7R5LFYJr4b8Ub94PPQXUksCw9PvXoeXPRRddRNC5C1JQUR2SMGtnA==}
    engines: {node: '>= 14.16.0'}

  cli-cursor@5.0.0:
    resolution: {integrity: sha512-aCj4O5wKyszjMmDT4tZj93kxyydN/K5zPWSCe6/0AV/AA1pqe5ZBIw0a2ZfPQV7lL5/yb5HsUreJ6UFAF1tEQw==}
    engines: {node: '>=18'}

  cli-truncate@5.1.1:
    resolution: {integrity: sha512-SroPvNHxUnk+vIW/dOSfNqdy1sPEFkrTk6TUtqLCnBlo3N7TNYYkzzN7uSD6+jVjrdO4+p8nH7JzH6cIvUem6A==}
    engines: {node: '>=20'}

  colorette@2.0.20:
    resolution: {integrity: sha512-IfEDxwoWIjkeXL1eXcDiow4UbKjhLdq6/EuSVR9GMN7KVH3r9gQ83e73hsz1Nd1T3ijd5xv1wcWRYO+D6kCI2w==}

  colorjs.io@0.5.2:
    resolution: {integrity: sha512-twmVoizEW7ylZSN32OgKdXRmo1qg+wT5/6C3xu5b9QsWzSFAhHLn2xd8ro0diCsKfCj1RdaTP/nrcW+vAoQPIw==}

  commander@14.0.3:
    resolution: {integrity: sha512-H+y0Jo/T1RZ9qPP4Eh1pkcQcLRglraJaSLoyOtHxu6AapkjWVCy2Sit1QQ4x3Dng8qDlSsZEet7g5Pq06MvTgw==}
    engines: {node: '>=20'}

  detect-libc@2.1.2:
    resolution: {integrity: sha512-Btj2BOOO83o3WyH59e8MgXsxEQVcarkUOpEYrubB0urwnN10yQ364rsiByU11nZlqWYZm05i/of7io4mzihBtQ==}
    engines: {node: '>=8'}

  emoji-regex@10.6.0:
    resolution: {integrity: sha512-toUI84YS5YmxW219erniWD0CIVOo46xGKColeNQRgOzDorgBi1v4D71/OFzgD9GO2UGKIv1C3Sp8DAn0+j5w7A==}

  environment@1.1.0:
    resolution: {integrity: sha512-xUtoPkMggbz0MPyPiIWr1Kp4aeWJjDZ6SMvURhimjdZgsRuDplF5/s9hcgGhyXMhs+6vpnuoiZ2kFiu3FMnS8Q==}
    engines: {node: '>=18'}

  eventemitter3@5.0.4:
    resolution: {integrity: sha512-mlsTRyGaPBjPedk6Bvw+aqbsXDtoAyAzm5MO7JgU+yVRyMQ5O8bD4Kcci7BS85f93veegeCPkL8R4GLClnjLFw==}

  fill-range@7.1.1:
    resolution: {integrity: sha512-YsGpe3WHLK8ZYi4tWDg2Jy3ebRz2rXowDxnld4bkQB00cc/1Zw9AWnC0i9ztDJitivtQvaI9KaLyKrc+hBW0yg==}
    engines: {node: '>=8'}

  get-east-asian-width@1.4.0:
    resolution: {integrity: sha512-QZjmEOC+IT1uk6Rx0sX22V6uHWVwbdbxf1faPqJ1QhLdGgsRGCZoyaQBm/piRdJy/D2um6hM1UP7ZEeQ4EkP+Q==}
    engines: {node: '>=18'}

  has-flag@4.0.0:
    resolution: {integrity: sha512-EykJT/Q1KjTWctppgIAgfSO0tKVuZUjhgMr17kqTumMl6Afv3EISleU7qZUzoXDFTAHTDC4NOoG/ZxU3EvlMPQ==}
    engines: {node: '>=8'}

  husky@9.1.7:
    resolution: {integrity: sha512-5gs5ytaNjBrh5Ow3zrvdUUY+0VxIuWVL4i9irt6friV+BqdCfmV11CQTWMiBYWHbXhco+J1kHfTOUkePhCDvMA==}
    engines: {node: '>=18'}
    hasBin: true

  immutable@5.1.4:
    resolution: {integrity: sha512-p6u1bG3YSnINT5RQmx/yRZBpenIl30kVxkTLDyHLIMk0gict704Q9n+thfDI7lTRm9vXdDYutVzXhzcThxTnXA==}

  is-extglob@2.1.1:
    resolution: {integrity: sha512-SbKbANkN603Vi4jEZv49LeVJMn4yGwsbzZworEoyEiutsN3nJYdbO36zfhGJ6QEDpOZIFkDtnq5JRxmvl3jsoQ==}
    engines: {node: '>=0.10.0'}

  is-fullwidth-code-point@5.1.0:
    resolution: {integrity: sha512-5XHYaSyiqADb4RnZ1Bdad6cPp8Toise4TzEjcOYDHZkTCbKgiUl7WTUCpNWHuxmDt91wnsZBc9xinNzopv3JMQ==}
    engines: {node: '>=18'}

  is-glob@4.0.3:
    resolution: {integrity: sha512-xelSayHH36ZgE7ZWhli7pW34hNbNl8Ojv5KVmkJD4hBdD3th8Tfk9vYasLM+mXWOZhFkgZfxhLSnrwRr4elSSg==}
    engines: {node: '>=0.10.0'}

  is-number@7.0.0:
    resolution: {integrity: sha512-41Cifkg6e8TylSpdtTpeLVMqvSBEVzTttHvERD741+pnZ8ANv0004MRL43QKPDlK9cGvNp6NZWZUBlbGXYxxng==}
    engines: {node: '>=0.12.0'}

  lint-staged@16.2.7:
    resolution: {integrity: sha512-lDIj4RnYmK7/kXMya+qJsmkRFkGolciXjrsZ6PC25GdTfWOAWetR0ZbsNXRAj1EHHImRSalc+whZFg56F5DVow==}
    engines: {node: '>=20.17'}
    hasBin: true

  listr2@9.0.5:
    resolution: {integrity: sha512-ME4Fb83LgEgwNw96RKNvKV4VTLuXfoKudAmm2lP8Kk87KaMK0/Xrx/aAkMWmT8mDb+3MlFDspfbCs7adjRxA2g==}
    engines: {node: '>=20.0.0'}

  log-update@6.1.0:
    resolution: {integrity: sha512-9ie8ItPR6tjY5uYJh8K/Zrv/RMZ5VOlOWvtZdEHYSTFKZfIBPQa9tOAEeAWhd+AnIneLJ22w5fjOYtoutpWq5w==}
    engines: {node: '>=18'}

  micromatch@4.0.8:
    resolution: {integrity: sha512-PXwfBhYu0hBCPw8Dn0E+WDYb7af3dSLVWKi3HGv84IdF4TyFoC0ysxFd0Goxw7nSv4T/PzEJQxsYsEiFCKo2BA==}
    engines: {node: '>=8.6'}

  mimic-function@5.0.1:
    resolution: {integrity: sha512-VP79XUPxV2CigYP3jWwAUFSku2aKqBH7uTAapFWCBqutsbmDo96KY5o8uh6U+/YSIn5OxJnXp73beVkpqMIGhA==}
    engines: {node: '>=18'}

  nano-spawn@2.0.0:
    resolution: {integrity: sha512-tacvGzUY5o2D8CBh2rrwxyNojUsZNU2zjNTzKQrkgGJQTbGAfArVWXSKMBokBeeg6C7OLRGUEyoFlYbfeWQIqw==}
    engines: {node: '>=20.17'}

  node-addon-api@7.1.1:
    resolution: {integrity: sha512-5m3bsyrjFWE1xf7nz7YXdN4udnVtXK6/Yfgn5qnahL6bCkf2yKt4k3nuTKAtT4r3IG8JNR2ncsIMdZuAzJjHQQ==}

  onetime@7.0.0:
    resolution: {integrity: sha512-VXJjc87FScF88uafS3JllDgvAm+c/Slfz06lorj2uAY34rlUu0Nt+v8wreiImcrgAjjIHp1rXpTDlLOGw29WwQ==}
    engines: {node: '>=18'}

  picomatch@2.3.1:
    resolution: {integrity: sha512-JU3teHTNjmE2VCGFzuY8EXzCDVwEqB2a8fsIvwaStHhAWJEeVd1o1QD80CU6+ZdEXXSLbSsuLwJjkCBWqRQUVA==}
    engines: {node: '>=8.6'}

  picomatch@4.0.3:
    resolution: {integrity: sha512-5gTmgEY/sqK6gFXLIsQNH19lWb4ebPDLA4SdLP7dsWkIXHWlG66oPuVvXSGFPppYZz8ZDZq0dYYrbHfBCVUb1Q==}
    engines: {node: '>=12'}

  pidtree@0.6.0:
    resolution: {integrity: sha512-eG2dWTVw5bzqGRztnHExczNxt5VGsE6OwTeCG3fdUf9KBsZzO3R5OIIIzWR+iZA0NtZ+RDVdaoE2dK1cn6jH4g==}
    engines: {node: '>=0.10'}
    hasBin: true

  prettier@3.8.1:
    resolution: {integrity: sha512-UOnG6LftzbdaHZcKoPFtOcCKztrQ57WkHDeRD9t/PTQtmT0NHSeWWepj6pS0z/N7+08BHFDQVUrfmfMRcZwbMg==}
    engines: {node: '>=14'}
    hasBin: true

  readdirp@4.1.2:
    resolution: {integrity: sha512-GDhwkLfywWL2s6vEjyhri+eXmfH6j1L7JE27WhqLeYzoh/A3DBaYGEj2H/HFZCn/kMfim73FXxEJTw06WtxQwg==}
    engines: {node: '>= 14.18.0'}

  restore-cursor@5.1.0:
    resolution: {integrity: sha512-oMA2dcrw6u0YfxJQXm342bFKX/E4sG9rbTzO9ptUcR/e8A33cHuvStiYOwH7fszkZlZ1z/ta9AAoPk2F4qIOHA==}
    engines: {node: '>=18'}

  rfdc@1.4.1:
    resolution: {integrity: sha512-q1b3N5QkRUWUl7iyylaaj3kOpIT0N2i9MqIEQXP73GVsN9cw3fdx8X63cEmWhJGi2PPCF23Ijp7ktmd39rawIA==}

  rxjs@7.8.2:
    resolution: {integrity: sha512-dhKf903U/PQZY6boNNtAGdWbG85WAbjT/1xYoZIC7FAY0yWapOBQVsVrDl58W86//e1VpMNBtRV4MaXfdMySFA==}

  sass-embedded-all-unknown@1.97.3:
    resolution: {integrity: sha512-t6N46NlPuXiY3rlmG6/+1nwebOBOaLFOOVqNQOC2cJhghOD4hh2kHNQQTorCsbY9S1Kir2la1/XLBwOJfui0xg==}
    cpu: ['!arm', '!arm64', '!riscv64', '!x64']

  sass-embedded-android-arm64@1.97.3:
    resolution: {integrity: sha512-aiZ6iqiHsUsaDx0EFbbmmA0QgxicSxVVN3lnJJ0f1RStY0DthUkquGT5RJ4TPdaZ6ebeJWkboV4bra+CP766eA==}
    engines: {node: '>=14.0.0'}
    cpu: [arm64]
    os: [android]

  sass-embedded-android-arm@1.97.3:
    resolution: {integrity: sha512-cRTtf/KV/q0nzGZoUzVkeIVVFv3L/tS1w4WnlHapphsjTXF/duTxI8JOU1c/9GhRPiMdfeXH7vYNcMmtjwX7jg==}
    engines: {node: '>=14.0.0'}
    cpu: [arm]
    os: [android]

  sass-embedded-android-riscv64@1.97.3:
    resolution: {integrity: sha512-zVEDgl9JJodofGHobaM/q6pNETG69uuBIGQHRo789jloESxxZe82lI3AWJQuPmYCOG5ElfRthqgv89h3gTeLYA==}
    engines: {node: '>=14.0.0'}
    cpu: [riscv64]
    os: [android]

  sass-embedded-android-x64@1.97.3:
    resolution: {integrity: sha512-3ke0le7ZKepyXn/dKKspYkpBC0zUk/BMciyP5ajQUDy4qJwobd8zXdAq6kOkdiMB+d9UFJOmEkvgFJHl3lqwcw==}
    engines: {node: '>=14.0.0'}
    cpu: [x64]
    os: [android]

  sass-embedded-darwin-arm64@1.97.3:
    resolution: {integrity: sha512-fuqMTqO4gbOmA/kC5b9y9xxNYw6zDEyfOtMgabS7Mz93wimSk2M1quQaTJnL98Mkcsl2j+7shNHxIS/qpcIDDA==}
    engines: {node: '>=14.0.0'}
    cpu: [arm64]
    os: [darwin]

  sass-embedded-darwin-x64@1.97.3:
    resolution: {integrity: sha512-b/2RBs/2bZpP8lMkyZ0Px0vkVkT8uBd0YXpOwK7iOwYkAT8SsO4+WdVwErsqC65vI5e1e5p1bb20tuwsoQBMVA==}
    engines: {node: '>=14.0.0'}
    cpu: [x64]
    os: [darwin]

  sass-embedded-linux-arm64@1.97.3:
    resolution: {integrity: sha512-IP1+2otCT3DuV46ooxPaOKV1oL5rLjteRzf8ldZtfIEcwhSgSsHgA71CbjYgLEwMY9h4jeal8Jfv3QnedPvSjg==}
    engines: {node: '>=14.0.0'}
    cpu: [arm64]
    os: [linux]

  sass-embedded-linux-arm@1.97.3:
    resolution: {integrity: sha512-2lPQ7HQQg4CKsH18FTsj2hbw5GJa6sBQgDsls+cV7buXlHjqF8iTKhAQViT6nrpLK/e8nFCoaRgSqEC8xMnXuA==}
    engines: {node: '>=14.0.0'}
    cpu: [arm]
    os: [linux]

  sass-embedded-linux-musl-arm64@1.97.3:
    resolution: {integrity: sha512-Lij0SdZCsr+mNRSyDZ7XtJpXEITrYsaGbOTz5e6uFLJ9bmzUbV7M8BXz2/cA7bhfpRPT7/lwRKPdV4+aR9Ozcw==}
    engines: {node: '>=14.0.0'}
    cpu: [arm64]
    os: [linux]

  sass-embedded-linux-musl-arm@1.97.3:
    resolution: {integrity: sha512-cBTMU68X2opBpoYsSZnI321gnoaiMBEtc+60CKCclN6PCL3W3uXm8g4TLoil1hDD6mqU9YYNlVG6sJ+ZNef6Lg==}
    engines: {node: '>=14.0.0'}
    cpu: [arm]
    os: [linux]

  sass-embedded-linux-musl-riscv64@1.97.3:
    resolution: {integrity: sha512-sBeLFIzMGshR4WmHAD4oIM7WJVkSoCIEwutzptFtGlSlwfNiijULp+J5hA2KteGvI6Gji35apR5aWj66wEn/iA==}
    engines: {node: '>=14.0.0'}
    cpu: [riscv64]
    os: [linux]

  sass-embedded-linux-musl-x64@1.97.3:
    resolution: {integrity: sha512-/oWJ+OVrDg7ADDQxRLC/4g1+Nsz1g4mkYS2t6XmyMJKFTFK50FVI2t5sOdFH+zmMp+nXHKM036W94y9m4jjEcw==}
    engines: {node: '>=14.0.0'}
    cpu: [x64]
    os: [linux]

  sass-embedded-linux-riscv64@1.97.3:
    resolution: {integrity: sha512-l3IfySApLVYdNx0Kjm7Zehte1CDPZVcldma3dZt+TfzvlAEerM6YDgsk5XEj3L8eHBCgHgF4A0MJspHEo2WNfA==}
    engines: {node: '>=14.0.0'}
    cpu: [riscv64]
    os: [linux]

  sass-embedded-linux-x64@1.97.3:
    resolution: {integrity: sha512-Kwqwc/jSSlcpRjULAOVbndqEy2GBzo6OBmmuBVINWUaJLJ8Kczz3vIsDUWLfWz/kTEw9FHBSiL0WCtYLVAXSLg==}
    engines: {node: '>=14.0.0'}
    cpu: [x64]
    os: [linux]

  sass-embedded-unknown-all@1.97.3:
    resolution: {integrity: sha512-/GHajyYJmvb0IABUQHbVHf1nuHPtIDo/ClMZ81IDr59wT5CNcMe7/dMNujXwWugtQVGI5UGmqXWZQCeoGnct8Q==}
    os: ['!android', '!darwin', '!linux', '!win32']

  sass-embedded-win32-arm64@1.97.3:
    resolution: {integrity: sha512-RDGtRS1GVvQfMGAmVXNxYiUOvPzn9oO1zYB/XUM9fudDRnieYTcUytpNTQZLs6Y1KfJxgt5Y+giRceC92fT8Uw==}
    engines: {node: '>=14.0.0'}
    cpu: [arm64]
    os: [win32]

  sass-embedded-win32-x64@1.97.3:
    resolution: {integrity: sha512-SFRa2lED9UEwV6vIGeBXeBOLKF+rowF3WmNfb/BzhxmdAsKofCXrJ8ePW7OcDVrvNEbTOGwhsReIsF5sH8fVaw==}
    engines: {node: '>=14.0.0'}
    cpu: [x64]
    os: [win32]

  sass-embedded@1.97.3:
    resolution: {integrity: sha512-eKzFy13Nk+IRHhlAwP3sfuv+PzOrvzUkwJK2hdoCKYcWGSdmwFpeGpWmyewdw8EgBnsKaSBtgf/0b2K635ecSA==}
    engines: {node: '>=16.0.0'}
    hasBin: true

  sass@1.97.3:
    resolution: {integrity: sha512-fDz1zJpd5GycprAbu4Q2PV/RprsRtKC/0z82z0JLgdytmcq0+ujJbJ/09bPGDxCLkKY3Np5cRAOcWiVkLXJURg==}
    engines: {node: '>=14.0.0'}
    hasBin: true

  signal-exit@4.1.0:
    resolution: {integrity: sha512-bzyZ1e88w9O1iNJbKnOlvYTrWPDl46O1bG0D3XInv+9tkPrxrN8jUUTiFlDkkmKWgn1M6CfIA13SuGqOa9Korw==}
    engines: {node: '>=14'}

  slice-ansi@7.1.2:
    resolution: {integrity: sha512-iOBWFgUX7caIZiuutICxVgX1SdxwAVFFKwt1EvMYYec/NWO5meOJ6K5uQxhrYBdQJne4KxiqZc+KptFOWFSI9w==}
    engines: {node: '>=18'}

  source-map-js@1.2.1:
    resolution: {integrity: sha512-UXWMKhLOwVKb728IUtQPXxfYU+usdybtUrK/8uGE8CQMvrhOpwvzDBwj0QhSL7MQc7vIsISBG8VQ8+IDQxpfQA==}
    engines: {node: '>=0.10.0'}

  string-argv@0.3.2:
    resolution: {integrity: sha512-aqD2Q0144Z+/RqG52NeHEkZauTAUWJO8c6yTftGJKO3Tja5tUgIfmIl6kExvhtxSDP7fXB6DvzkfMpCd/F3G+Q==}
    engines: {node: '>=0.6.19'}

  string-width@7.2.0:
    resolution: {integrity: sha512-tsaTIkKW9b4N+AEj+SVA+WhJzV7/zMhcSu78mLKWSk7cXMOSHsBKFWUs0fWwq8QyK3MgJBQRX6Gbi4kYbdvGkQ==}
    engines: {node: '>=18'}

  string-width@8.1.1:
    resolution: {integrity: sha512-KpqHIdDL9KwYk22wEOg/VIqYbrnLeSApsKT/bSj6Ez7pn3CftUiLAv2Lccpq1ALcpLV9UX1Ppn92npZWu2w/aw==}
    engines: {node: '>=20'}

  strip-ansi@7.1.2:
    resolution: {integrity: sha512-gmBGslpoQJtgnMAvOVqGZpEz9dyoKTCzy2nfz/n8aIFhN/jCE/rCmcxabB6jOOHV+0WNnylOxaxBQPSvcWklhA==}
    engines: {node: '>=12'}

  supports-color@8.1.1:
    resolution: {integrity: sha512-MpUEN2OodtUzxvKQl72cUF7RQ5EiHsGvSsVG0ia9c5RbWGL2CI4C7EpPS8UTBIplnlzZiNuV56w+FuNxy3ty2Q==}
    engines: {node: '>=10'}

  sync-child-process@1.0.2:
    resolution: {integrity: sha512-8lD+t2KrrScJ/7KXCSyfhT3/hRq78rC0wBFqNJXv3mZyn6hW2ypM05JmlSvtqRbeq6jqA94oHbxAr2vYsJ8vDA==}
    engines: {node: '>=16.0.0'}

  sync-message-port@1.2.0:
    resolution: {integrity: sha512-gAQ9qrUN/UCypHtGFbbe7Rc/f9bzO88IwrG8TDo/aMKAApKyD6E3W4Cm0EfhfBb6Z6SKt59tTCTfD+n1xmAvMg==}
    engines: {node: '>=16.0.0'}

  to-regex-range@5.0.1:
    resolution: {integrity: sha512-65P7iz6X5yEr1cwcgvQxbbIw7Uk3gOy5dIdtZ4rDveLqhrdJP+Li/Hx6tyK0NEb+2GCyneCMJiGqrADCSNk8sQ==}
    engines: {node: '>=8.0'}

  tslib@2.8.1:
    resolution: {integrity: sha512-oJFu94HQb+KVduSUQL7wnpmqnfmLsOA/nAh6b6EH0wCEoK0/mPeXU6c3wKDV83MkOuHPRHtSXKKU99IBazS/2w==}

  varint@6.0.0:
    resolution: {integrity: sha512-cXEIW6cfr15lFv563k4GuVuW/fiwjknytD37jIOLSdSWuOI6WnO/oKwmP2FQTU2l01LP8/M5TSAJpzUaGe3uWg==}

  wrap-ansi@9.0.2:
    resolution: {integrity: sha512-42AtmgqjV+X1VpdOfyTGOYRi0/zsoLqtXQckTmqTeybT+BDIbM/Guxo7x3pE2vtpr1ok6xRqM9OpBe+Jyoqyww==}
    engines: {node: '>=18'}

  yaml@2.8.2:
    resolution: {integrity: sha512-mplynKqc1C2hTVYxd0PU2xQAc22TI1vShAYGksCCfxbn/dFwnHTNi1bvYsBTkhdUNtGIf5xNOg938rrSSYvS9A==}
    engines: {node: '>= 14.6'}
    hasBin: true

snapshots:

  '@bufbuild/protobuf@2.11.0': {}

  '@parcel/watcher-android-arm64@2.5.6':
    optional: true

  '@parcel/watcher-darwin-arm64@2.5.6':
    optional: true

  '@parcel/watcher-darwin-x64@2.5.6':
    optional: true

  '@parcel/watcher-freebsd-x64@2.5.6':
    optional: true

  '@parcel/watcher-linux-arm-glibc@2.5.6':
    optional: true

  '@parcel/watcher-linux-arm-musl@2.5.6':
    optional: true

  '@parcel/watcher-linux-arm64-glibc@2.5.6':
    optional: true

  '@parcel/watcher-linux-arm64-musl@2.5.6':
    optional: true

  '@parcel/watcher-linux-x64-glibc@2.5.6':
    optional: true

  '@parcel/watcher-linux-x64-musl@2.5.6':
    optional: true

  '@parcel/watcher-win32-arm64@2.5.6':
    optional: true

  '@parcel/watcher-win32-ia32@2.5.6':
    optional: true

  '@parcel/watcher-win32-x64@2.5.6':
    optional: true

  '@parcel/watcher@2.5.6':
    dependencies:
      detect-libc: 2.1.2
      is-glob: 4.0.3
      node-addon-api: 7.1.1
      picomatch: 4.0.3
    optionalDependencies:
      '@parcel/watcher-android-arm64': 2.5.6
      '@parcel/watcher-darwin-arm64': 2.5.6
      '@parcel/watcher-darwin-x64': 2.5.6
      '@parcel/watcher-freebsd-x64': 2.5.6
      '@parcel/watcher-linux-arm-glibc': 2.5.6
      '@parcel/watcher-linux-arm-musl': 2.5.6
      '@parcel/watcher-linux-arm64-glibc': 2.5.6
      '@parcel/watcher-linux-arm64-musl': 2.5.6
      '@parcel/watcher-linux-x64-glibc': 2.5.6
      '@parcel/watcher-linux-x64-musl': 2.5.6
      '@parcel/watcher-win32-arm64': 2.5.6
      '@parcel/watcher-win32-ia32': 2.5.6
      '@parcel/watcher-win32-x64': 2.5.6
    optional: true

  ansi-escapes@7.2.0:
    dependencies:
      environment: 1.1.0

  ansi-regex@6.2.2: {}

  ansi-styles@6.2.3: {}

  braces@3.0.3:
    dependencies:
      fill-range: 7.1.1

  chokidar@4.0.3:
    dependencies:
      readdirp: 4.1.2
    optional: true

  cli-cursor@5.0.0:
    dependencies:
      restore-cursor: 5.1.0

  cli-truncate@5.1.1:
    dependencies:
      slice-ansi: 7.1.2
      string-width: 8.1.1

  colorette@2.0.20: {}

  colorjs.io@0.5.2: {}

  commander@14.0.3: {}

  detect-libc@2.1.2:
    optional: true

  emoji-regex@10.6.0: {}

  environment@1.1.0: {}

  eventemitter3@5.0.4: {}

  fill-range@7.1.1:
    dependencies:
      to-regex-range: 5.0.1

  get-east-asian-width@1.4.0: {}

  has-flag@4.0.0: {}

  husky@9.1.7: {}

  immutable@5.1.4: {}

  is-extglob@2.1.1:
    optional: true

  is-fullwidth-code-point@5.1.0:
    dependencies:
      get-east-asian-width: 1.4.0

  is-glob@4.0.3:
    dependencies:
      is-extglob: 2.1.1
    optional: true

  is-number@7.0.0: {}

  lint-staged@16.2.7:
    dependencies:
      commander: 14.0.3
      listr2: 9.0.5
      micromatch: 4.0.8
      nano-spawn: 2.0.0
      pidtree: 0.6.0
      string-argv: 0.3.2
      yaml: 2.8.2

  listr2@9.0.5:
    dependencies:
      cli-truncate: 5.1.1
      colorette: 2.0.20
      eventemitter3: 5.0.4
      log-update: 6.1.0
      rfdc: 1.4.1
      wrap-ansi: 9.0.2

  log-update@6.1.0:
    dependencies:
      ansi-escapes: 7.2.0
      cli-cursor: 5.0.0
      slice-ansi: 7.1.2
      strip-ansi: 7.1.2
      wrap-ansi: 9.0.2

  micromatch@4.0.8:
    dependencies:
      braces: 3.0.3
      picomatch: 2.3.1

  mimic-function@5.0.1: {}

  nano-spawn@2.0.0: {}

  node-addon-api@7.1.1:
    optional: true

  onetime@7.0.0:
    dependencies:
      mimic-function: 5.0.1

  picomatch@2.3.1: {}

  picomatch@4.0.3:
    optional: true

  pidtree@0.6.0: {}

  prettier@3.8.1: {}

  readdirp@4.1.2:
    optional: true

  restore-cursor@5.1.0:
    dependencies:
      onetime: 7.0.0
      signal-exit: 4.1.0

  rfdc@1.4.1: {}

  rxjs@7.8.2:
    dependencies:
      tslib: 2.8.1

  sass-embedded-all-unknown@1.97.3:
    dependencies:
      sass: 1.97.3
    optional: true

  sass-embedded-android-arm64@1.97.3:
    optional: true

  sass-embedded-android-arm@1.97.3:
    optional: true

  sass-embedded-android-riscv64@1.97.3:
    optional: true

  sass-embedded-android-x64@1.97.3:
    optional: true

  sass-embedded-darwin-arm64@1.97.3:
    optional: true

  sass-embedded-darwin-x64@1.97.3:
    optional: true

  sass-embedded-linux-arm64@1.97.3:
    optional: true

  sass-embedded-linux-arm@1.97.3:
    optional: true

  sass-embedded-linux-musl-arm64@1.97.3:
    optional: true

  sass-embedded-linux-musl-arm@1.97.3:
    optional: true

  sass-embedded-linux-musl-riscv64@1.97.3:
    optional: true

  sass-embedded-linux-musl-x64@1.97.3:
    optional: true

  sass-embedded-linux-riscv64@1.97.3:
    optional: true

  sass-embedded-linux-x64@1.97.3:
    optional: true

  sass-embedded-unknown-all@1.97.3:
    dependencies:
      sass: 1.97.3
    optional: true

  sass-embedded-win32-arm64@1.97.3:
    optional: true

  sass-embedded-win32-x64@1.97.3:
    optional: true

  sass-embedded@1.97.3:
    dependencies:
      '@bufbuild/protobuf': 2.11.0
      colorjs.io: 0.5.2
      immutable: 5.1.4
      rxjs: 7.8.2
      supports-color: 8.1.1
      sync-child-process: 1.0.2
      varint: 6.0.0
    optionalDependencies:
      sass-embedded-all-unknown: 1.97.3
      sass-embedded-android-arm: 1.97.3
      sass-embedded-android-arm64: 1.97.3
      sass-embedded-android-riscv64: 1.97.3
      sass-embedded-android-x64: 1.97.3
      sass-embedded-darwin-arm64: 1.97.3
      sass-embedded-darwin-x64: 1.97.3
      sass-embedded-linux-arm: 1.97.3
      sass-embedded-linux-arm64: 1.97.3
      sass-embedded-linux-musl-arm: 1.97.3
      sass-embedded-linux-musl-arm64: 1.97.3
      sass-embedded-linux-musl-riscv64: 1.97.3
      sass-embedded-linux-musl-x64: 1.97.3
      sass-embedded-linux-riscv64: 1.97.3
      sass-embedded-linux-x64: 1.97.3
      sass-embedded-unknown-all: 1.97.3
      sass-embedded-win32-arm64: 1.97.3
      sass-embedded-win32-x64: 1.97.3

  sass@1.97.3:
    dependencies:
      chokidar: 4.0.3
      immutable: 5.1.4
      source-map-js: 1.2.1
    optionalDependencies:
      '@parcel/watcher': 2.5.6
    optional: true

  signal-exit@4.1.0: {}

  slice-ansi@7.1.2:
    dependencies:
      ansi-styles: 6.2.3
      is-fullwidth-code-point: 5.1.0

  source-map-js@1.2.1:
    optional: true

  string-argv@0.3.2: {}

  string-width@7.2.0:
    dependencies:
      emoji-regex: 10.6.0
      get-east-asian-width: 1.4.0
      strip-ansi: 7.1.2

  string-width@8.1.1:
    dependencies:
      get-east-asian-width: 1.4.0
      strip-ansi: 7.1.2

  strip-ansi@7.1.2:
    dependencies:
      ansi-regex: 6.2.2

  supports-color@8.1.1:
    dependencies:
      has-flag: 4.0.0

  sync-child-process@1.0.2:
    dependencies:
      sync-message-port: 1.2.0

  sync-message-port@1.2.0: {}

  to-regex-range@5.0.1:
    dependencies:
      is-number: 7.0.0

  tslib@2.8.1: {}

  varint@6.0.0: {}

  wrap-ansi@9.0.2:
    dependencies:
      ansi-styles: 6.2.3
      string-width: 7.2.0
      strip-ansi: 7.1.2

  yaml@2.8.2: {}
